
Microsoft Visual Studio Solution File, Format Version 12.00
# Visual Studio Version 17
VisualStudioVersion = 17.13.35806.99
MinimumVisualStudioVersion = 10.0.40219.1
Project("{FAE04EC0-301F-11D3-BF4B-00C04F79EFBC}") = "hijack", "Lib\Patcher.csproj", "{CBB88EB0-082E-41FE-88CB-B9C812035F61}"
EndProject
Project("{FAE04EC0-301F-11D3-BF4B-00C04F79EFBC}") = "Demo", "Demo\Demo.csproj", "{5DEA3D22-F7CB-4CB1-A7D7-A297DED31B51}"
EndProject
Global
	GlobalSection(SolutionConfigurationPlatforms) = preSolution
		Debug|Any CPU = Debug|Any CPU
		Release|Any CPU = Release|Any CPU
	EndGlobalSection
	GlobalSection(ProjectConfigurationPlatforms) = postSolution
		{CBB88EB0-082E-41FE-88CB-B9C812035F61}.Debug|Any CPU.ActiveCfg = Debug|Any CPU
		{CBB88EB0-082E-41FE-88CB-B9C812035F61}.Debug|Any CPU.Build.0 = Debug|Any CPU
		{CBB88EB0-082E-41FE-88CB-B9C812035F61}.Release|Any CPU.ActiveCfg = Release|Any CPU
		{CBB88EB0-082E-41FE-88CB-B9C812035F61}.Release|Any CPU.Build.0 = Release|Any CPU
		{5DEA3D22-F7CB-4CB1-A7D7-A297DED31B51}.Debug|Any CPU.ActiveCfg = Debug|Any CPU
		{5DEA3D22-F7CB-4CB1-A7D7-A297DED31B51}.Debug|Any CPU.Build.0 = Debug|Any CPU
		{5DEA3D22-F7CB-4CB1-A7D7-A297DED31B51}.Release|Any CPU.ActiveCfg = Release|Any CPU
		{5DEA3D22-F7CB-4CB1-A7D7-A297DED31B51}.Release|Any CPU.Build.0 = Release|Any CPU
	EndGlobalSection
	GlobalSection(SolutionProperties) = preSolution
		HideSolutionNode = FALSE
	EndGlobalSection
	GlobalSection(ExtensibilityGlobals) = postSolution
		SolutionGuid = {430D73A2-000C-4B68-97F3-48697416634C}
	EndGlobalSection
EndGlobal
